# Published container digests. Generated by .github/workflows/containers.yml.
# GHCR and ORAS only (D-004): a docker.io/ dev tag must never appear here.
# Pin by digest, never by tag, in anything archived with a manuscript.
# digest: for oci, the registry manifest digest; for sif, the sha256 of the .sif
#         file, verified byte-identical across two `apptainer pull oras://`.
# built with apptainer 1.5.3
#
# kind	version	reference	digest	built_utc	vcs_ref
oci	0.6.2	ghcr.io/aramburu-lab/labcore	sha256:e13b65e11b6715314fca76609669efe31a3e9b4c13045899676039c333f18e61	2026-08-14T16:04:42Z	179285b
sif	0.6.2	oras://ghcr.io/aramburu-lab/labcore-sif	sha256:c53e472c18a9a8e09dcde6fb6e51337eb041ff27e9c4d51042f0675ed8386b4f	2026-08-14T16:04:42Z	179285b
