# Published container digests. Generated by .github/workflows/containers.yml.
# GHCR and ORAS only (D-004): a docker.io/ dev tag must never appear here.
# Pin by digest, never by tag, in anything archived with a manuscript.
# digest: for oci, the registry manifest digest; for sif, the sha256 of the .sif
#         file, verified byte-identical across two `apptainer pull oras://`.
# built with apptainer 1.5.3
#
# kind	version	reference	digest	built_utc	vcs_ref
oci	0.5.2	ghcr.io/aramburu-lab/labcore	sha256:29f0134e22f3569a940f1b88768c23f9e9d5e8f5fdf80d5e62d6aa03a664c508	2026-08-13T14:13:32Z	5f55d2b
sif	0.5.2	oras://ghcr.io/aramburu-lab/labcore-sif	sha256:64ff108c8ed0d3e8d3560d70f1798ff7541c2a8cbc6b9c500261929164ba9da5	2026-08-13T14:13:32Z	5f55d2b
