# Published container digests. Generated by .github/workflows/containers.yml.
# GHCR and ORAS only (D-004): a docker.io/ dev tag must never appear here.
# Pin by digest, never by tag, in anything archived with a manuscript.
# digest: for oci, the registry manifest digest; for sif, the sha256 of the .sif
#         file, verified byte-identical across two `apptainer pull oras://`.
# built with apptainer 1.5.3
#
# kind	version	reference	digest	built_utc	vcs_ref
oci	0.6.6	ghcr.io/aramburu-lab/labcore	sha256:a4b9b00cad12413d1e5a61a351121e4f8d5f8b62148e3175e5aa106c6f4e6515	2026-08-16T22:20:07Z	f6f1234
sif	0.6.6	oras://ghcr.io/aramburu-lab/labcore-sif	sha256:31247d7225cc1c619a3ae075fdd2c900ebeb85467b4ade17b452dfc6f1801e0a	2026-08-16T22:20:07Z	f6f1234
